// !$*UTF8*$!
{
	archiveVersion = 1;
	classes = {
	};
	objectVersion = 46;
	objects = {

/* Begin PBXBuildFile section */
		C76F54AE1BA220A70099E27E /* main.m in Sources */ = {isa = PBXBuildFile; fileRef = C76F54AD1BA220A70099E27E /* main.m */; };
		C76F54B11BA220A70099E27E /* AppDelegate.m in Sources */ = {isa = PBXBuildFile; fileRef = C76F54B01BA220A70099E27E /* AppDelegate.m */; };
		C76F54B71BA220A70099E27E /* Main.storyboard in Resources */ = {isa = PBXBuildFile; fileRef = C76F54B51BA220A70099E27E /* Main.storyboard */; };
		C76F54B91BA220A70099E27E /* Assets.xcassets in Resources */ = {isa = PBXBuildFile; fileRef = C76F54B81BA220A70099E27E /* Assets.xcassets */; };
		C76F54BC1BA220A70099E27E /* LaunchScreen.storyboard in Resources */ = {isa = PBXBuildFile; fileRef = C76F54BA1BA220A70099E27E /* LaunchScreen.storyboard */; };
		C76F54C51BA221390099E27E /* CoverCollectionViewController.m in Sources */ = {isa = PBXBuildFile; fileRef = C76F54C41BA221390099E27E /* CoverCollectionViewController.m */; settings = {ASSET_TAGS = (); }; };
		C76F54C81BA2229B0099E27E /* CoverFlowLayout.m in Sources */ = {isa = PBXBuildFile; fileRef = C76F54C71BA2229B0099E27E /* CoverFlowLayout.m */; settings = {ASSET_TAGS = (); }; };
		C76F54CB1BA223400099E27E /* Photo.m in Sources */ = {isa = PBXBuildFile; fileRef = C76F54CA1BA223400099E27E /* Photo.m */; settings = {ASSET_TAGS = (); }; };
		C76F54CE1BA2236F0099E27E /* PhotoCollectionViewCell.m in Sources */ = {isa = PBXBuildFile; fileRef = C76F54CD1BA2236F0099E27E /* PhotoCollectionViewCell.m */; settings = {ASSET_TAGS = (); }; };
/* End PBXBuildFile section */

/* Begin PBXFileReference section */
		C76F54A91BA220A70099E27E /* CoverFlowLayout.app */ = {isa = PBXFileReference; explicitFileType = wrapper.application; includeInIndex = 0; path = CoverFlowLayout.app; sourceTree = BUILT_PRODUCTS_DIR; };
		C76F54AD1BA220A70099E27E /* main.m */ = {isa = PBXFileReference; lastKnownFileType = sourcecode.c.objc; path = main.m; sourceTree = "<group>"; };
		C76F54AF1BA220A70099E27E /* AppDelegate.h */ = {isa = PBXFileReference; lastKnownFileType = sourcecode.c.h; path = AppDelegate.h; sourceTree = "<group>"; };
		C76F54B01BA220A70099E27E /* AppDelegate.m */ = {isa = PBXFileReference; lastKnownFileType = sourcecode.c.objc; path = AppDelegate.m; sourceTree = "<group>"; };
		C76F54B61BA220A70099E27E /* Base */ = {isa = PBXFileReference; lastKnownFileType = file.storyboard; name = Base; path = Base.lproj/Main.storyboard; sourceTree = "<group>"; };
		C76F54B81BA220A70099E27E /* Assets.xcassets */ = {isa = PBXFileReference; lastKnownFileType = folder.assetcatalog; path = Assets.xcassets; sourceTree = "<group>"; };
		C76F54BB1BA220A70099E27E /* Base */ = {isa = PBXFileReference; lastKnownFileType = file.storyboard; name = Base; path = Base.lproj/LaunchScreen.storyboard; sourceTree = "<group>"; };
		C76F54BD1BA220A70099E27E /* Info.plist */ = {isa = PBXFileReference; lastKnownFileType = text.plist.xml; path = Info.plist; sourceTree = "<group>"; };
		C76F54C31BA221390099E27E /* CoverCollectionViewController.h */ = {isa = PBXFileReference; fileEncoding = 4; lastKnownFileType = sourcecode.c.h; path = CoverCollectionViewController.h; sourceTree = "<group>"; };
		C76F54C41BA221390099E27E /* CoverCollectionViewController.m */ = {isa = PBXFileReference; fileEncoding = 4; lastKnownFileType = sourcecode.c.objc; path = CoverCollectionViewController.m; sourceTree = "<group>"; };
		C76F54C61BA2229B0099E27E /* CoverFlowLayout.h */ = {isa = PBXFileReference; fileEncoding = 4; lastKnownFileType = sourcecode.c.h; path = CoverFlowLayout.h; sourceTree = "<group>"; };
		C76F54C71BA2229B0099E27E /* CoverFlowLayout.m */ = {isa = PBXFileReference; fileEncoding = 4; lastKnownFileType = sourcecode.c.objc; path = CoverFlowLayout.m; sourceTree = "<group>"; };
		C76F54C91BA223400099E27E /* Photo.h */ = {isa = PBXFileReference; fileEncoding = 4; lastKnownFileType = sourcecode.c.h; path = Photo.h; sourceTree = "<group>"; };
		C76F54CA1BA223400099E27E /* Photo.m */ = {isa = PBXFileReference; fileEncoding = 4; lastKnownFileType = sourcecode.c.objc; path = Photo.m; sourceTree = "<group>"; };
		C76F54CC1BA2236F0099E27E /* PhotoCollectionViewCell.h */ = {isa = PBXFileReference; fileEncoding = 4; lastKnownFileType = sourcecode.c.h; path = PhotoCollectionViewCell.h; sourceTree = "<group>"; };
		C76F54CD1BA2236F0099E27E /* PhotoCollectionViewCell.m */ = {isa = PBXFileReference; fileEncoding = 4; lastKnownFileType = sourcecode.c.objc; path = PhotoCollectionViewCell.m; sourceTree = "<group>"; };
/* End PBXFileReference section */

/* Begin PBXFrameworksBuildPhase section */
		C76F54A61BA220A70099E27E /* Frameworks */ = {
			isa = PBXFrameworksBuildPhase;
			buildActionMask = 2147483647;
			files = (
			);
			runOnlyForDeploymentPostprocessing = 0;
		};
/* End PBXFrameworksBuildPhase section */

/* Begin PBXGroup section */
		C76F54A01BA220A70099E27E = {
			isa = PBXGroup;
			children = (
				C76F54AB1BA220A70099E27E /* CoverFlowLayout */,
				C76F54AA1BA220A70099E27E /* Products */,
			);
			sourceTree = "<group>";
		};
		C76F54AA1BA220A70099E27E /* Products */ = {
			isa = PBXGroup;
			children = (
				C76F54A91BA220A70099E27E /* CoverFlowLayout.app */,
			);
			name = Products;
			sourceTree = "<group>";
		};
		C76F54AB1BA220A70099E27E /* CoverFlowLayout */ = {
			isa = PBXGroup;
			children = (
				C76F54AF1BA220A70099E27E /* AppDelegate.h */,
				C76F54B01BA220A70099E27E /* AppDelegate.m */,
				C76F54C91BA223400099E27E /* Photo.h */,
				C76F54CA1BA223400099E27E /* Photo.m */,
				C76F54C31BA221390099E27E /* CoverCollectionViewController.h */,
				C76F54C41BA221390099E27E /* CoverCollectionViewController.m */,
				C76F54C61BA2229B0099E27E /* CoverFlowLayout.h */,
				C76F54C71BA2229B0099E27E /* CoverFlowLayout.m */,
				C76F54CC1BA2236F0099E27E /* PhotoCollectionViewCell.h */,
				C76F54CD1BA2236F0099E27E /* PhotoCollectionViewCell.m */,
				C76F54B51BA220A70099E27E /* Main.storyboard */,
				C76F54B81BA220A70099E27E /* Assets.xcassets */,
				C76F54BA1BA220A70099E27E /* LaunchScreen.storyboard */,
				C76F54BD1BA220A70099E27E /* Info.plist */,
				C76F54AC1BA220A70099E27E /* Supporting Files */,
			);
			path = CoverFlowLayout;
			sourceTree = "<group>";
		};
		C76F54AC1BA220A70099E27E /* Supporting Files */ = {
			isa = PBXGroup;
			children = (
				C76F54AD1BA220A70099E27E /* main.m */,
			);
			name = "Supporting Files";
			sourceTree = "<group>";
		};
/* End PBXGroup section */

/* Begin PBXNativeTarget section */
		C76F54A81BA220A70099E27E /* CoverFlowLayout */ = {
			isa = PBXNativeTarget;
			buildConfigurationList = C76F54C01BA220A70099E27E /* Build configuration list for PBXNativeTarget "CoverFlowLayout" */;
			buildPhases = (
				C76F54A51BA220A70099E27E /* Sources */,
				C76F54A61BA220A70099E27E /* Frameworks */,
				C76F54A71BA220A70099E27E /* Resources */,
			);
			buildRules = (
			);
			dependencies = (
			);
			name = CoverFlowLayout;
			productName = CoverFlowLayout;
			productReference = C76F54A91BA220A70099E27E /* CoverFlowLayout.app */;
			productType = "com.apple.product-type.application";
		};
/* End PBXNativeTarget section */

/* Begin PBXProject section */
		C76F54A11BA220A70099E27E /* Project object */ = {
			isa = PBXProject;
			attributes = {
				LastUpgradeCheck = 0700;
				ORGANIZATIONNAME = "Alp Eren Can";
				TargetAttributes = {
					C76F54A81BA220A70099E27E = {
						CreatedOnToolsVersion = 7.0;
					};
				};
			};
			buildConfigurationList = C76F54A41BA220A70099E27E /* Build configuration list for PBXProject "CoverFlowLayout" */;
			compatibilityVersion = "Xcode 3.2";
			developmentRegion = English;
			hasScannedForEncodings = 0;
			knownRegions = (
				en,
				Base,
			);
			mainGroup = C76F54A01BA220A70099E27E;
			productRefGroup = C76F54AA1BA220A70099E27E /* Products */;
			projectDirPath = "";
			projectRoot = "";
			targets = (
				C76F54A81BA220A70099E27E /* CoverFlowLayout */,
			);
		};
/* End PBXProject section */

/* Begin PBXResourcesBuildPhase section */
		C76F54A71BA220A70099E27E /* Resources */ = {
			isa = PBXResourcesBuildPhase;
			buildActionMask = 2147483647;
			files = (
				C76F54BC1BA220A70099E27E /* LaunchScreen.storyboard in Resources */,
				C76F54B91BA220A70099E27E /* Assets.xcassets in Resources */,
				C76F54B71BA220A70099E27E /* Main.storyboard in Resources */,
			);
			runOnlyForDeploymentPostprocessing = 0;
		};
/* End PBXResourcesBuildPhase section */

/* Begin PBXSourcesBuildPhase section */
		C76F54A51BA220A70099E27E /* Sources */ = {
			isa = PBXSourcesBuildPhase;
			buildActionMask = 2147483647;
			files = (
				C76F54C51BA221390099E27E /* CoverCollectionViewController.m in Sources */,
				C76F54CE1BA2236F0099E27E /* PhotoCollectionViewCell.m in Sources */,
				C76F54C81BA2229B0099E27E /* CoverFlowLayout.m in Sources */,
				C76F54B11BA220A70099E27E /* AppDelegate.m in Sources */,
				C76F54CB1BA223400099E27E /* Photo.m in Sources */,
				C76F54AE1BA220A70099E27E /* main.m in Sources */,
			);
			runOnlyForDeploymentPostprocessing = 0;
		};
/* End PBXSourcesBuildPhase section */

/* Begin PBXVariantGroup section */
		C76F54B51BA220A70099E27E /* Main.storyboard */ = {
			isa = PBXVariantGroup;
			children = (
				C76F54B61BA220A70099E27E /* Base */,
			);
			name = Main.storyboard;
			sourceTree = "<group>";
		};
		C76F54BA1BA220A70099E27E /* LaunchScreen.storyboard */ = {
			isa = PBXVariantGroup;
			children = (
				C76F54BB1BA220A70099E27E /* Base */,
			);
			name = LaunchScreen.storyboard;
			sourceTree = "<group>";
		};
/* End PBXVariantGroup section */

/* Begin XCBuildConfiguration section */
		C76F54BE1BA220A70099E27E /* Debug */ = {
			isa = XCBuildConfiguration;
			buildSettings = {
				ALWAYS_SEARCH_USER_PATHS = NO;
				CLANG_CXX_LANGUAGE_STANDARD = "gnu++0x";
				CLANG_CXX_LIBRARY = "libc++";
				CLANG_ENABLE_MODULES = YES;
				CLANG_ENABLE_OBJC_ARC = YES;
				CLANG_WARN_BOOL_CONVERSION = YES;
				CLANG_WARN_CONSTANT_CONVERSION = YES;
				CLANG_WARN_DIRECT_OBJC_ISA_USAGE = YES_ERROR;
				CLANG_WARN_EMPTY_BODY = YES;
				CLANG_WARN_ENUM_CONVERSION = YES;
				CLANG_WARN_INT_CONVERSION = YES;
				CLANG_WARN_OBJC_ROOT_CLASS = YES_ERROR;
				CLANG_WARN_UNREACHABLE_CODE = YES;
				CLANG_WARN__DUPLICATE_METHOD_MATCH = YES;
				"CODE_SIGN_IDENTITY[sdk=iphoneos*]" = "iPhone Developer";
				COPY_PHASE_STRIP = NO;
				DEBUG_INFORMATION_FORMAT = dwarf;
				ENABLE_STRICT_OBJC_MSGSEND = YES;
				ENABLE_TESTABILITY = YES;
				GCC_C_LANGUAGE_STANDARD = gnu99;
				GCC_DYNAMIC_NO_PIC = NO;
				GCC_NO_COMMON_BLOCKS = YES;
				GCC_OPTIMIZATION_LEVEL = 0;
				GCC_PREPROCESSOR_DEFINITIONS = (
					"DEBUG=1",
					"$(inherited)",
				);
				GCC_WARN_64_TO_32_BIT_CONVERSION = YES;
				GCC_WARN_ABOUT_RETURN_TYPE = YES_ERROR;
				GCC_WARN_UNDECLARED_SELECTOR = YES;
				GCC_WARN_UNINITIALIZED_AUTOS = YES_AGGRESSIVE;
				GCC_WARN_UNUSED_FUNCTION = YES;
				GCC_WARN_UNUSED_VARIABLE = YES;
				IPHONEOS_DEPLOYMENT_TARGET = 9.0;
				MTL_ENABLE_DEBUG_INFO = YES;
				ONLY_ACTIVE_ARCH = YES;
				SDKROOT = iphoneos;
			};
			name = Debug;
		};
		C76F54BF1BA220A70099E27E /* Release */ = {
			isa = XCBuildConfiguration;
			buildSettings = {
				ALWAYS_SEARCH_USER_PATHS = NO;
				CLANG_CXX_LANGUAGE_STANDARD = "gnu++0x";
				CLANG_CXX_LIBRARY = "libc++";
				CLANG_ENABLE_MODULES = YES;
				CLANG_ENABLE_OBJC_ARC = YES;
				CLANG_WARN_BOOL_CONVERSION = YES;
				CLANG_WARN_CONSTANT_CONVERSION = YES;
				CLANG_WARN_DIRECT_OBJC_ISA_USAGE = YES_ERROR;
				CLANG_WARN_EMPTY_BODY = YES;
				CLANG_WARN_ENUM_CONVERSION = YES;
				CLANG_WARN_INT_CONVERSION = YES;
				CLANG_WARN_OBJC_ROOT_CLASS = YES_ERROR;
				CLANG_WARN_UNREACHABLE_CODE = YES;
				CLANG_WARN__DUPLICATE_METHOD_MATCH = YES;
				"CODE_SIGN_IDENTITY[sdk=iphoneos*]" = "iPhone Developer";
				COPY_PHASE_STRIP = NO;
				DEBUG_INFORMATION_FORMAT = "dwarf-with-dsym";
				ENABLE_NS_ASSERTIONS = NO;
				ENABLE_STRICT_OBJC_MSGSEND = YES;
				GCC_C_LANGUAGE_STANDARD = gnu99;
				GCC_NO_COMMON_BLOCKS = YES;
				GCC_WARN_64_TO_32_BIT_CONVERSION = YES;
				GCC_WARN_ABOUT_RETURN_TYPE = YES_ERROR;
				GCC_WARN_UNDECLARED_SELECTOR = YES;
				GCC_WARN_UNINITIALIZED_AUTOS = YES_AGGRESSIVE;
				GCC_WARN_UNUSED_FUNCTION = YES;
				GCC_WARN_UNUSED_VARIABLE = YES;
				IPHONEOS_DEPLOYMENT_TARGET = 9.0;
				MTL_ENABLE_DEBUG_INFO = NO;
				SDKROOT = iphoneos;
				VALIDATE_PRODUCT = YES;
			};
			name = Release;
		};
		C76F54C11BA220A70099E27E /* Debug */ = {
			isa = XCBuildConfiguration;
			buildSettings = {
				ASSETCATALOG_COMPILER_APPICON_NAME = AppIcon;
				INFOPLIST_FILE = CoverFlowLayout/Info.plist;
				LD_RUNPATH_SEARCH_PATHS = "$(inherited) @executable_path/Frameworks";
				PRODUCT_BUNDLE_IDENTIFIER = com.alperencan.CoverFlowLayout;
				PRODUCT_NAME = "$(TARGET_NAME)";
			};
			name = Debug;
		};
		C76F54C21BA220A70099E27E /* Release */ = {
			isa = XCBuildConfiguration;
			buildSettings = {
				ASSETCATALOG_COMPILER_APPICON_NAME = AppIcon;
				INFOPLIST_FILE = CoverFlowLayout/Info.plist;
				LD_RUNPATH_SEARCH_PATHS = "$(inherited) @executable_path/Frameworks";
				PRODUCT_BUNDLE_IDENTIFIER = com.alperencan.CoverFlowLayout;
				PRODUCT_NAME = "$(TARGET_NAME)";
			};
			name = Release;
		};
/* End XCBuildConfiguration section */

/* Begin XCConfigurationList section */
		C76F54A41BA220A70099E27E /* Build configuration list for PBXProject "CoverFlowLayout" */ = {
			isa = XCConfigurationList;
			buildConfigurations = (
				C76F54BE1BA220A70099E27E /* Debug */,
				C76F54BF1BA220A70099E27E /* Release */,
			);
			defaultConfigurationIsVisible = 0;
			defaultConfigurationName = Release;
		};
		C76F54C01BA220A70099E27E /* Build configuration list for PBXNativeTarget "CoverFlowLayout" */ = {
			isa = XCConfigurationList;
			buildConfigurations = (
				C76F54C11BA220A70099E27E /* Debug */,
				C76F54C21BA220A70099E27E /* Release */,
			);
			defaultConfigurationIsVisible = 0;
		};
/* End XCConfigurationList section */
	};
	rootObject = C76F54A11BA220A70099E27E /* Project object */;
}
